// !$*UTF8*$!
{
	archiveVersion = 1;
	classes = {
	};
	objectVersion = 50;
	objects = {

/* Begin PBXBuildFile section */
		71171D4B26BAE2EA0078F9EE /* Credits.rtf in Resources */ = {isa = PBXBuildFile; fileRef = 71171D4A26BAE2EA0078F9EE /* Credits.rtf */; };
		713A2EBD26C3CB7A00D5EF5F /* TarHandler.m in Sources */ = {isa = PBXBuildFile; fileRef = 713A2EBC26C3CB7A00D5EF5F /* TarHandler.m */; };
		714666B326BD6F340017DAAB /* ZipMan.iconset in Resources */ = {isa = PBXBuildFile; fileRef = 714666B226BD6F340017DAAB /* ZipMan.iconset */; };
		7149599B26B9AC6300892725 /* AppDelegate.m in Sources */ = {isa = PBXBuildFile; fileRef = 7149599A26B9AC6300892725 /* AppDelegate.m */; };
		7149599D26B9AC6700892725 /* Assets.xcassets in Resources */ = {isa = PBXBuildFile; fileRef = 7149599C26B9AC6700892725 /* Assets.xcassets */; };
		714959A026B9AC6700892725 /* MainMenu.xib in Resources */ = {isa = PBXBuildFile; fileRef = 7149599E26B9AC6700892725 /* MainMenu.xib */; };
		714959A326B9AC6700892725 /* main.m in Sources */ = {isa = PBXBuildFile; fileRef = 714959A226B9AC6700892725 /* main.m */; };
		715D6FD226BC5A3600BBC940 /* encryption_enabled.mp3 in Resources */ = {isa = PBXBuildFile; fileRef = 715D6FD126BC5A3600BBC940 /* encryption_enabled.mp3 */; };
		715D6FD526BC5BDA00BBC940 /* encryption_disabled.mp3 in Resources */ = {isa = PBXBuildFile; fileRef = 715D6FD426BC5BDA00BBC940 /* encryption_disabled.mp3 */; };
		717CE93226BD9DE900D6F319 /* ZipHandler.m in Sources */ = {isa = PBXBuildFile; fileRef = 717CE93126BD9DE900D6F319 /* ZipHandler.m */; };
		71B5473126BA905000F97107 /* ProgressWindow.xib in Resources */ = {isa = PBXBuildFile; fileRef = 71B5473026BA905000F97107 /* ProgressWindow.xib */; };
		71B5473426BA907300F97107 /* ProgressController.m in Sources */ = {isa = PBXBuildFile; fileRef = 71B5473326BA907300F97107 /* ProgressController.m */; };
		71BF8D6926BBE37100DEEAB4 /* PasswordPrompt.xib in Resources */ = {isa = PBXBuildFile; fileRef = 71BF8D6826BBE37100DEEAB4 /* PasswordPrompt.xib */; };
		71BF8D6D26BBE38C00DEEAB4 /* PasswordPromptController.m in Sources */ = {isa = PBXBuildFile; fileRef = 71BF8D6B26BBE38C00DEEAB4 /* PasswordPromptController.m */; };
		71E219F826BED5A400C4ED99 /* BaseArchiveHandler.m in Sources */ = {isa = PBXBuildFile; fileRef = 71E219F726BED5A400C4ED99 /* BaseArchiveHandler.m */; };
/* End PBXBuildFile section */

/* Begin PBXFileReference section */
		71171D4A26BAE2EA0078F9EE /* Credits.rtf */ = {isa = PBXFileReference; lastKnownFileType = text.rtf; path = Credits.rtf; sourceTree = "<group>"; };
		713A2EBB26C3CB7A00D5EF5F /* TarHandler.h */ = {isa = PBXFileReference; lastKnownFileType = sourcecode.c.h; path = TarHandler.h; sourceTree = "<group>"; };
		713A2EBC26C3CB7A00D5EF5F /* TarHandler.m */ = {isa = PBXFileReference; lastKnownFileType = sourcecode.c.objc; path = TarHandler.m; sourceTree = "<group>"; };
		714666B226BD6F340017DAAB /* ZipMan.iconset */ = {isa = PBXFileReference; lastKnownFileType = folder.iconset; path = ZipMan.iconset; sourceTree = "<group>"; };
		7149599626B9AC6300892725 /* ZipMan.app */ = {isa = PBXFileReference; explicitFileType = wrapper.application; includeInIndex = 0; path = ZipMan.app; sourceTree = BUILT_PRODUCTS_DIR; };
		7149599926B9AC6300892725 /* AppDelegate.h */ = {isa = PBXFileReference; lastKnownFileType = sourcecode.c.h; path = AppDelegate.h; sourceTree = "<group>"; };
		7149599A26B9AC6300892725 /* AppDelegate.m */ = {isa = PBXFileReference; lastKnownFileType = sourcecode.c.objc; path = AppDelegate.m; sourceTree = "<group>"; };
		7149599C26B9AC6700892725 /* Assets.xcassets */ = {isa = PBXFileReference; lastKnownFileType = folder.assetcatalog; path = Assets.xcassets; sourceTree = "<group>"; };
		7149599F26B9AC6700892725 /* Base */ = {isa = PBXFileReference; lastKnownFileType = file.xib; name = Base; path = Base.lproj/MainMenu.xib; sourceTree = "<group>"; };
		714959A126B9AC6700892725 /* Info.plist */ = {isa = PBXFileReference; lastKnownFileType = text.plist.xml; path = Info.plist; sourceTree = "<group>"; };
		714959A226B9AC6700892725 /* main.m */ = {isa = PBXFileReference; lastKnownFileType = sourcecode.c.objc; path = main.m; sourceTree = "<group>"; };
		714959A426B9AC6700892725 /* ZipMan.entitlements */ = {isa = PBXFileReference; lastKnownFileType = text.plist.entitlements; path = ZipMan.entitlements; sourceTree = "<group>"; };
		715D6FD126BC5A3600BBC940 /* encryption_enabled.mp3 */ = {isa = PBXFileReference; lastKnownFileType = audio.mp3; path = encryption_enabled.mp3; sourceTree = "<group>"; };
		715D6FD426BC5BDA00BBC940 /* encryption_disabled.mp3 */ = {isa = PBXFileReference; lastKnownFileType = audio.mp3; path = encryption_disabled.mp3; sourceTree = "<group>"; };
		717CE93126BD9DE900D6F319 /* ZipHandler.m */ = {isa = PBXFileReference; lastKnownFileType = sourcecode.c.objc; path = ZipHandler.m; sourceTree = "<group>"; };
		717CE93326BD9DF800D6F319 /* ZipHandler.h */ = {isa = PBXFileReference; lastKnownFileType = sourcecode.c.h; path = ZipHandler.h; sourceTree = "<group>"; };
		71B5473026BA905000F97107 /* ProgressWindow.xib */ = {isa = PBXFileReference; lastKnownFileType = file.xib; path = ProgressWindow.xib; sourceTree = "<group>"; };
		71B5473226BA907300F97107 /* ProgressController.h */ = {isa = PBXFileReference; lastKnownFileType = sourcecode.c.h; path = ProgressController.h; sourceTree = "<group>"; };
		71B5473326BA907300F97107 /* ProgressController.m */ = {isa = PBXFileReference; lastKnownFileType = sourcecode.c.objc; path = ProgressController.m; sourceTree = "<group>"; };
		71BF8D6826BBE37100DEEAB4 /* PasswordPrompt.xib */ = {isa = PBXFileReference; lastKnownFileType = file.xib; path = PasswordPrompt.xib; sourceTree = "<group>"; };
		71BF8D6A26BBE38C00DEEAB4 /* PasswordPromptController.h */ = {isa = PBXFileReference; lastKnownFileType = sourcecode.c.h; path = PasswordPromptController.h; sourceTree = "<group>"; };
		71BF8D6B26BBE38C00DEEAB4 /* PasswordPromptController.m */ = {isa = PBXFileReference; lastKnownFileType = sourcecode.c.objc; path = PasswordPromptController.m; sourceTree = "<group>"; };
		71E219F626BED5A400C4ED99 /* BaseArchiveHandler.h */ = {isa = PBXFileReference; lastKnownFileType = sourcecode.c.h; path = BaseArchiveHandler.h; sourceTree = "<group>"; };
		71E219F726BED5A400C4ED99 /* BaseArchiveHandler.m */ = {isa = PBXFileReference; lastKnownFileType = sourcecode.c.objc; path = BaseArchiveHandler.m; sourceTree = "<group>"; };
/* End PBXFileReference section */

/* Begin PBXFrameworksBuildPhase section */
		7149599326B9AC6300892725 /* Frameworks */ = {
			isa = PBXFrameworksBuildPhase;
			buildActionMask = 2147483647;
			files = (
			);
			runOnlyForDeploymentPostprocessing = 0;
		};
/* End PBXFrameworksBuildPhase section */

/* Begin PBXGroup section */
		713A2EBA26C3CB5E00D5EF5F /* Archive Handlers */ = {
			isa = PBXGroup;
			children = (
				717CE93126BD9DE900D6F319 /* ZipHandler.m */,
				717CE93326BD9DF800D6F319 /* ZipHandler.h */,
				71E219F626BED5A400C4ED99 /* BaseArchiveHandler.h */,
				71E219F726BED5A400C4ED99 /* BaseArchiveHandler.m */,
				713A2EBB26C3CB7A00D5EF5F /* TarHandler.h */,
				713A2EBC26C3CB7A00D5EF5F /* TarHandler.m */,
			);
			name = "Archive Handlers";
			sourceTree = "<group>";
		};
		7149598D26B9AC6300892725 = {
			isa = PBXGroup;
			children = (
				7149599826B9AC6300892725 /* ZipMan */,
				7149599726B9AC6300892725 /* Products */,
			);
			sourceTree = "<group>";
		};
		7149599726B9AC6300892725 /* Products */ = {
			isa = PBXGroup;
			children = (
				7149599626B9AC6300892725 /* ZipMan.app */,
			);
			name = Products;
			sourceTree = "<group>";
		};
		7149599826B9AC6300892725 /* ZipMan */ = {
			isa = PBXGroup;
			children = (
				715D6FD326BC5A5A00BBC940 /* Resources */,
				7149599926B9AC6300892725 /* AppDelegate.h */,
				7149599A26B9AC6300892725 /* AppDelegate.m */,
				7149599C26B9AC6700892725 /* Assets.xcassets */,
				7149599E26B9AC6700892725 /* MainMenu.xib */,
				714959A126B9AC6700892725 /* Info.plist */,
				714959A226B9AC6700892725 /* main.m */,
				714959A426B9AC6700892725 /* ZipMan.entitlements */,
				71B5473026BA905000F97107 /* ProgressWindow.xib */,
				71B5473226BA907300F97107 /* ProgressController.h */,
				71B5473326BA907300F97107 /* ProgressController.m */,
				71BF8D6826BBE37100DEEAB4 /* PasswordPrompt.xib */,
				71BF8D6A26BBE38C00DEEAB4 /* PasswordPromptController.h */,
				71BF8D6B26BBE38C00DEEAB4 /* PasswordPromptController.m */,
				713A2EBA26C3CB5E00D5EF5F /* Archive Handlers */,
			);
			path = ZipMan;
			sourceTree = "<group>";
		};
		715D6FD326BC5A5A00BBC940 /* Resources */ = {
			isa = PBXGroup;
			children = (
				714666B226BD6F340017DAAB /* ZipMan.iconset */,
				715D6FD426BC5BDA00BBC940 /* encryption_disabled.mp3 */,
				715D6FD126BC5A3600BBC940 /* encryption_enabled.mp3 */,
				71171D4A26BAE2EA0078F9EE /* Credits.rtf */,
			);
			name = Resources;
			sourceTree = "<group>";
		};
/* End PBXGroup section */

/* Begin PBXNativeTarget section */
		7149599526B9AC6300892725 /* ZipMan */ = {
			isa = PBXNativeTarget;
			buildConfigurationList = 714959A726B9AC6700892725 /* Build configuration list for PBXNativeTarget "ZipMan" */;
			buildPhases = (
				7149599226B9AC6300892725 /* Sources */,
				7149599326B9AC6300892725 /* Frameworks */,
				7149599426B9AC6300892725 /* Resources */,
			);
			buildRules = (
			);
			dependencies = (
			);
			name = ZipMan;
			productName = ZipMan;
			productReference = 7149599626B9AC6300892725 /* ZipMan.app */;
			productType = "com.apple.product-type.application";
		};
/* End PBXNativeTarget section */

/* Begin PBXProject section */
		7149598E26B9AC6300892725 /* Project object */ = {
			isa = PBXProject;
			attributes = {
				LastUpgradeCheck = 1250;
				TargetAttributes = {
					7149599526B9AC6300892725 = {
						CreatedOnToolsVersion = 12.5.1;
					};
				};
			};
			buildConfigurationList = 7149599126B9AC6300892725 /* Build configuration list for PBXProject "ZipMan" */;
			compatibilityVersion = "Xcode 9.3";
			developmentRegion = en;
			hasScannedForEncodings = 0;
			knownRegions = (
				en,
				Base,
			);
			mainGroup = 7149598D26B9AC6300892725;
			productRefGroup = 7149599726B9AC6300892725 /* Products */;
			projectDirPath = "";
			projectRoot = "";
			targets = (
				7149599526B9AC6300892725 /* ZipMan */,
			);
		};
/* End PBXProject section */

/* Begin PBXResourcesBuildPhase section */
		7149599426B9AC6300892725 /* Resources */ = {
			isa = PBXResourcesBuildPhase;
			buildActionMask = 2147483647;
			files = (
				714666B326BD6F340017DAAB /* ZipMan.iconset in Resources */,
				715D6FD526BC5BDA00BBC940 /* encryption_disabled.mp3 in Resources */,
				715D6FD226BC5A3600BBC940 /* encryption_enabled.mp3 in Resources */,
				71BF8D6926BBE37100DEEAB4 /* PasswordPrompt.xib in Resources */,
				71171D4B26BAE2EA0078F9EE /* Credits.rtf in Resources */,
				71B5473126BA905000F97107 /* ProgressWindow.xib in Resources */,
				7149599D26B9AC6700892725 /* Assets.xcassets in Resources */,
				714959A026B9AC6700892725 /* MainMenu.xib in Resources */,
			);
			runOnlyForDeploymentPostprocessing = 0;
		};
/* End PBXResourcesBuildPhase section */

/* Begin PBXSourcesBuildPhase section */
		7149599226B9AC6300892725 /* Sources */ = {
			isa = PBXSourcesBuildPhase;
			buildActionMask = 2147483647;
			files = (
				71E219F826BED5A400C4ED99 /* BaseArchiveHandler.m in Sources */,
				717CE93226BD9DE900D6F319 /* ZipHandler.m in Sources */,
				71B5473426BA907300F97107 /* ProgressController.m in Sources */,
				714959A326B9AC6700892725 /* main.m in Sources */,
				713A2EBD26C3CB7A00D5EF5F /* TarHandler.m in Sources */,
				71BF8D6D26BBE38C00DEEAB4 /* PasswordPromptController.m in Sources */,
				7149599B26B9AC6300892725 /* AppDelegate.m in Sources */,
			);
			runOnlyForDeploymentPostprocessing = 0;
		};
/* End PBXSourcesBuildPhase section */

/* Begin PBXVariantGroup section */
		7149599E26B9AC6700892725 /* MainMenu.xib */ = {
			isa = PBXVariantGroup;
			children = (
				7149599F26B9AC6700892725 /* Base */,
			);
			name = MainMenu.xib;
			sourceTree = "<group>";
		};
/* End PBXVariantGroup section */

/* Begin XCBuildConfiguration section */
		714959A526B9AC6700892725 /* Debug */ = {
			isa = XCBuildConfiguration;
			buildSettings = {
				ALWAYS_SEARCH_USER_PATHS = NO;
				CLANG_ANALYZER_NONNULL = YES;
				CLANG_ANALYZER_NUMBER_OBJECT_CONVERSION = YES_AGGRESSIVE;
				CLANG_CXX_LANGUAGE_STANDARD = "gnu++14";
				CLANG_CXX_LIBRARY = "libc++";
				CLANG_ENABLE_MODULES = YES;
				CLANG_ENABLE_OBJC_ARC = YES;
				CLANG_ENABLE_OBJC_WEAK = YES;
				CLANG_WARN_BLOCK_CAPTURE_AUTORELEASING = YES;
				CLANG_WARN_BOOL_CONVERSION = YES;
				CLANG_WARN_COMMA = YES;
				CLANG_WARN_CONSTANT_CONVERSION = YES;
				CLANG_WARN_DEPRECATED_OBJC_IMPLEMENTATIONS = YES;
				CLANG_WARN_DIRECT_OBJC_ISA_USAGE = YES_ERROR;
				CLANG_WARN_DOCUMENTATION_COMMENTS = YES;
				CLANG_WARN_EMPTY_BODY = YES;
				CLANG_WARN_ENUM_CONVERSION = YES;
				CLANG_WARN_INFINITE_RECURSION = YES;
				CLANG_WARN_INT_CONVERSION = YES;
				CLANG_WARN_NON_LITERAL_NULL_CONVERSION = YES;
				CLANG_WARN_OBJC_IMPLICIT_RETAIN_SELF = YES;
				CLANG_WARN_OBJC_LITERAL_CONVERSION = YES;
				CLANG_WARN_OBJC_ROOT_CLASS = YES_ERROR;
				CLANG_WARN_QUOTED_INCLUDE_IN_FRAMEWORK_HEADER = YES;
				CLANG_WARN_RANGE_LOOP_ANALYSIS = YES;
				CLANG_WARN_STRICT_PROTOTYPES = YES;
				CLANG_WARN_SUSPICIOUS_MOVE = YES;
				CLANG_WARN_UNGUARDED_AVAILABILITY = YES_AGGRESSIVE;
				CLANG_WARN_UNREACHABLE_CODE = YES;
				CLANG_WARN__DUPLICATE_METHOD_MATCH = YES;
				COPY_PHASE_STRIP = NO;
				DEBUG_INFORMATION_FORMAT = dwarf;
				ENABLE_STRICT_OBJC_MSGSEND = YES;
				ENABLE_TESTABILITY = YES;
				GCC_C_LANGUAGE_STANDARD = gnu11;
				GCC_DYNAMIC_NO_PIC = NO;
				GCC_NO_COMMON_BLOCKS = YES;
				GCC_OPTIMIZATION_LEVEL = 0;
				GCC_PREPROCESSOR_DEFINITIONS = (
					"DEBUG=1",
					"$(inherited)",
				);
				GCC_WARN_64_TO_32_BIT_CONVERSION = YES;
				GCC_WARN_ABOUT_RETURN_TYPE = YES_ERROR;
				GCC_WARN_UNDECLARED_SELECTOR = YES;
				GCC_WARN_UNINITIALIZED_AUTOS = YES_AGGRESSIVE;
				GCC_WARN_UNUSED_FUNCTION = YES;
				GCC_WARN_UNUSED_VARIABLE = YES;
				MACOSX_DEPLOYMENT_TARGET = 11.3;
				MTL_ENABLE_DEBUG_INFO = INCLUDE_SOURCE;
				MTL_FAST_MATH = YES;
				ONLY_ACTIVE_ARCH = YES;
				SDKROOT = macosx;
			};
			name = Debug;
		};
		714959A626B9AC6700892725 /* Release */ = {
			isa = XCBuildConfiguration;
			buildSettings = {
				ALWAYS_SEARCH_USER_PATHS = NO;
				CLANG_ANALYZER_NONNULL = YES;
				CLANG_ANALYZER_NUMBER_OBJECT_CONVERSION = YES_AGGRESSIVE;
				CLANG_CXX_LANGUAGE_STANDARD = "gnu++14";
				CLANG_CXX_LIBRARY = "libc++";
				CLANG_ENABLE_MODULES = YES;
				CLANG_ENABLE_OBJC_ARC = YES;
				CLANG_ENABLE_OBJC_WEAK = YES;
				CLANG_WARN_BLOCK_CAPTURE_AUTORELEASING = YES;
				CLANG_WARN_BOOL_CONVERSION = YES;
				CLANG_WARN_COMMA = YES;
				CLANG_WARN_CONSTANT_CONVERSION = YES;
				CLANG_WARN_DEPRECATED_OBJC_IMPLEMENTATIONS = YES;
				CLANG_WARN_DIRECT_OBJC_ISA_USAGE = YES_ERROR;
				CLANG_WARN_DOCUMENTATION_COMMENTS = YES;
				CLANG_WARN_EMPTY_BODY = YES;
				CLANG_WARN_ENUM_CONVERSION = YES;
				CLANG_WARN_INFINITE_RECURSION = YES;
				CLANG_WARN_INT_CONVERSION = YES;
				CLANG_WARN_NON_LITERAL_NULL_CONVERSION = YES;
				CLANG_WARN_OBJC_IMPLICIT_RETAIN_SELF = YES;
				CLANG_WARN_OBJC_LITERAL_CONVERSION = YES;
				CLANG_WARN_OBJC_ROOT_CLASS = YES_ERROR;
				CLANG_WARN_QUOTED_INCLUDE_IN_FRAMEWORK_HEADER = YES;
				CLANG_WARN_RANGE_LOOP_ANALYSIS = YES;
				CLANG_WARN_STRICT_PROTOTYPES = YES;
				CLANG_WARN_SUSPICIOUS_MOVE = YES;
				CLANG_WARN_UNGUARDED_AVAILABILITY = YES_AGGRESSIVE;
				CLANG_WARN_UNREACHABLE_CODE = YES;
				CLANG_WARN__DUPLICATE_METHOD_MATCH = YES;
				COPY_PHASE_STRIP = NO;
				DEBUG_INFORMATION_FORMAT = "dwarf-with-dsym";
				ENABLE_NS_ASSERTIONS = NO;
				ENABLE_STRICT_OBJC_MSGSEND = YES;
				GCC_C_LANGUAGE_STANDARD = gnu11;
				GCC_NO_COMMON_BLOCKS = YES;
				GCC_WARN_64_TO_32_BIT_CONVERSION = YES;
				GCC_WARN_ABOUT_RETURN_TYPE = YES_ERROR;
				GCC_WARN_UNDECLARED_SELECTOR = YES;
				GCC_WARN_UNINITIALIZED_AUTOS = YES_AGGRESSIVE;
				GCC_WARN_UNUSED_FUNCTION = YES;
				GCC_WARN_UNUSED_VARIABLE = YES;
				MACOSX_DEPLOYMENT_TARGET = 11.3;
				MTL_ENABLE_DEBUG_INFO = NO;
				MTL_FAST_MATH = YES;
				SDKROOT = macosx;
			};
			name = Release;
		};
		714959A826B9AC6700892725 /* Debug */ = {
			isa = XCBuildConfiguration;
			buildSettings = {
				ASSETCATALOG_COMPILER_APPICON_NAME = AppIcon;
				ASSETCATALOG_COMPILER_GLOBAL_ACCENT_COLOR_NAME = AccentColor;
				CODE_SIGN_ENTITLEMENTS = ZipMan/ZipMan.entitlements;
				CODE_SIGN_IDENTITY = "-";
				CODE_SIGN_STYLE = Automatic;
				COMBINE_HIDPI_IMAGES = YES;
				HEADER_SEARCH_PATHS = (
					/opt/homebrew/Cellar/libzip/1.8.0/include,
					/opt/homebrew/Cellar/libtar/1.2.20/include,
					/opt/homebrew/Cellar/libarchive/3.5.1_1/include,
				);
				INFOPLIST_FILE = ZipMan/Info.plist;
				"LD_MAP_FILE_PATH[arch=*]" = "$(TARGET_TEMP_DIR)/$(PRODUCT_NAME)-LinkMap-$(CURRENT_VARIANT)-$(CURRENT_ARCH).txt";
				LD_RUNPATH_SEARCH_PATHS = (
					"$(inherited)",
					"@executable_path/../Frameworks",
				);
				LIBRARY_SEARCH_PATHS = (
					/opt/homebrew/Cellar/libzip/1.8.0/lib,
					/opt/homebrew/Cellar/libtar/1.2.20/lib,
					/opt/homebrew/Cellar/libarchive/3.5.1_1/,
				);
				OTHER_LDFLAGS = (
					"-lzip",
					"-ltar",
					"-larchive",
				);
				PRODUCT_BUNDLE_IDENTIFIER = com.billvog.ZipMan;
				PRODUCT_NAME = "$(TARGET_NAME)";
			};
			name = Debug;
		};
		714959A926B9AC6700892725 /* Release */ = {
			isa = XCBuildConfiguration;
			buildSettings = {
				ASSETCATALOG_COMPILER_APPICON_NAME = AppIcon;
				ASSETCATALOG_COMPILER_GLOBAL_ACCENT_COLOR_NAME = AccentColor;
				CODE_SIGN_ENTITLEMENTS = ZipMan/ZipMan.entitlements;
				CODE_SIGN_IDENTITY = "-";
				CODE_SIGN_STYLE = Automatic;
				COMBINE_HIDPI_IMAGES = YES;
				HEADER_SEARCH_PATHS = (
					/opt/homebrew/Cellar/libzip/1.8.0/include,
					/opt/homebrew/Cellar/libtar/1.2.20/include,
					/opt/homebrew/Cellar/libarchive/3.5.1_1/include,
				);
				INFOPLIST_FILE = ZipMan/Info.plist;
				LD_RUNPATH_SEARCH_PATHS = (
					"$(inherited)",
					"@executable_path/../Frameworks",
				);
				LIBRARY_SEARCH_PATHS = (
					/opt/homebrew/Cellar/libzip/1.8.0/lib,
					/opt/homebrew/Cellar/libtar/1.2.20/lib,
					/opt/homebrew/Cellar/libarchive/3.5.1_1/,
				);
				OTHER_LDFLAGS = (
					"-lzip",
					"-ltar",
					"-larchive",
				);
				PRODUCT_BUNDLE_IDENTIFIER = com.billvog.ZipMan;
				PRODUCT_NAME = "$(TARGET_NAME)";
			};
			name = Release;
		};
/* End XCBuildConfiguration section */

/* Begin XCConfigurationList section */
		7149599126B9AC6300892725 /* Build configuration list for PBXProject "ZipMan" */ = {
			isa = XCConfigurationList;
			buildConfigurations = (
				714959A526B9AC6700892725 /* Debug */,
				714959A626B9AC6700892725 /* Release */,
			);
			defaultConfigurationIsVisible = 0;
			defaultConfigurationName = Release;
		};
		714959A726B9AC6700892725 /* Build configuration list for PBXNativeTarget "ZipMan" */ = {
			isa = XCConfigurationList;
			buildConfigurations = (
				714959A826B9AC6700892725 /* Debug */,
				714959A926B9AC6700892725 /* Release */,
			);
			defaultConfigurationIsVisible = 0;
			defaultConfigurationName = Release;
		};
/* End XCConfigurationList section */
	};
	rootObject = 7149598E26B9AC6300892725 /* Project object */;
}
